{
    "_meta": {
        "hash": {
            "sha256": "53f8c825b7bf1eb41d3cd5df50a6fe09a786a8a7fccad3b687907775df4ddea8"
        },
        "pipfile-spec": 6,
        "requires": {
            "python_version": "3.6"
        },
        "sources": [
            {
                "name": "pypi",
                "url": "https://pypi.org/simple",
                "verify_ssl": true
            }
        ]
    },
    "default": {
        "cscapy": {
            "git": "ssh://git@github.com/Genpls/cscapy.git",
            "ref": "e46299acc31c1d9247a50ec2b08c080febb1348c"
        }
    },
    "develop": {}
}
